
Microsoft Visual Studio Solution File, Format Version 12.00
# Visual Studio 15
VisualStudioVersion = 15.0.27428.2027
MinimumVisualStudioVersion = 10.0.40219.1
Project("{FAE04EC0-301F-11D3-BF4B-00C04F79EFBC}") = "ComicBookGallery", "ComicBookGallery\ComicBookGallery.csproj", "{547AEE47-4C0C-4E6B-BDD8-2DB3E40423D8}"
EndProject
Global
	GlobalSection(SolutionConfigurationPlatforms) = preSolution
		Debug|Any CPU = Debug|Any CPU
		Release|Any CPU = Release|Any CPU
	EndGlobalSection
	GlobalSection(ProjectConfigurationPlatforms) = postSolution
		{547AEE47-4C0C-4E6B-BDD8-2DB3E40423D8}.Debug|Any CPU.ActiveCfg = Debug|Any CPU
		{547AEE47-4C0C-4E6B-BDD8-2DB3E40423D8}.Debug|Any CPU.Build.0 = Debug|Any CPU
		{547AEE47-4C0C-4E6B-BDD8-2DB3E40423D8}.Release|Any CPU.ActiveCfg = Release|Any CPU
		{547AEE47-4C0C-4E6B-BDD8-2DB3E40423D8}.Release|Any CPU.Build.0 = Release|Any CPU
	EndGlobalSection
	GlobalSection(SolutionProperties) = preSolution
		HideSolutionNode = FALSE
	EndGlobalSection
	GlobalSection(ExtensibilityGlobals) = postSolution
		SolutionGuid = {FF665685-F56E-4F20-9D90-07C32935F9D9}
	EndGlobalSection
EndGlobal
